lockfileVersion: '9.0'

settings:
  autoInstallPeers: true
  excludeLinksFromLockfile: false

importers:

  .:
    dependencies:
      dotenv:
        specifier: ^16.4.5
        version: 16.4.5
      mongoose:
        specifier: ^8.6.1
        version: 8.6.1

packages:

  '@mongodb-js/saslprep@1.1.9':
    resolution: {integrity: sha512-tVkljjeEaAhCqTzajSdgbQ6gE6f3oneVwa3iXR6csiEwXXOFsiC6Uh9iAjAhXPtqa/XMDHWjjeNH/77m/Yq2dw==}

  '@types/webidl-conversions@7.0.3':
    resolution: {integrity: sha512-CiJJvcRtIgzadHCYXw7dqEnMNRjhGZlYK05Mj9OyktqV8uVT8fD2BFOB7S1uwBE3Kj2Z+4UyPmFw/Ixgw/LAlA==}

  '@types/whatwg-url@11.0.5':
    resolution: {integrity: sha512-coYR071JRaHa+xoEvvYqvnIHaVqaYrLPbsufM9BF63HkwI5Lgmy2QR8Q5K/lYDYo5AK82wOvSOS0UsLTpTG7uQ==}

  bson@6.8.0:
    resolution: {integrity: sha512-iOJg8pr7wq2tg/zSlCCHMi3hMm5JTOxLTagf3zxhcenHsFp+c6uOs6K7W5UE7A4QIJGtqh/ZovFNMP4mOPJynQ==}
    engines: {node: '>=16.20.1'}

  debug@4.3.7:
    resolution: {integrity: sha512-Er2nc/H7RrMXZBFCEim6TCmMk02Z8vLC2Rbi1KEBggpo0fS6l0S1nnapwmIi3yW/+GOJap1Krg4w0Hg80oCqgQ==}
    engines: {node: '>=6.0'}
    peerDependencies:
      supports-color: '*'
    peerDependenciesMeta:
      supports-color:
        optional: true

  dotenv@16.4.5:
    resolution: {integrity: sha512-ZmdL2rui+eB2YwhsWzjInR8LldtZHGDoQ1ugH85ppHKwpUHL7j7rN0Ti9NCnGiQbhaZ11FpR+7ao1dNsmduNUg==}
    engines: {node: '>=12'}

  kareem@2.6.3:
    resolution: {integrity: sha512-C3iHfuGUXK2u8/ipq9LfjFfXFxAZMQJJq7vLS45r3D9Y2xQ/m4S8zaR4zMLFWh9AsNPXmcFfUDhTEO8UIC/V6Q==}
    engines: {node: '>=12.0.0'}

  memory-pager@1.5.0:
    resolution: {integrity: sha512-ZS4Bp4r/Zoeq6+NLJpP+0Zzm0pR8whtGPf1XExKLJBAczGMnSi3It14OiNCStjQjM6NU1okjQGSxgEZN8eBYKg==}

  mongodb-connection-string-url@3.0.1:
    resolution: {integrity: sha512-XqMGwRX0Lgn05TDB4PyG2h2kKO/FfWJyCzYQbIhXUxz7ETt0I/FqHjUeqj37irJ+Dl1ZtU82uYyj14u2XsZKfg==}

  mongodb@6.8.0:
    resolution: {integrity: sha512-HGQ9NWDle5WvwMnrvUxsFYPd3JEbqD3RgABHBQRuoCEND0qzhsd0iH5ypHsf1eJ+sXmvmyKpP+FLOKY8Il7jMw==}
    engines: {node: '>=16.20.1'}
    peerDependencies:
      '@aws-sdk/credential-providers': ^3.188.0
      '@mongodb-js/zstd': ^1.1.0
      gcp-metadata: ^5.2.0
      kerberos: ^2.0.1
      mongodb-client-encryption: '>=6.0.0 <7'
      snappy: ^7.2.2
      socks: ^2.7.1
    peerDependenciesMeta:
      '@aws-sdk/credential-providers':
        optional: true
      '@mongodb-js/zstd':
        optional: true
      gcp-metadata:
        optional: true
      kerberos:
        optional: true
      mongodb-client-encryption:
        optional: true
      snappy:
        optional: true
      socks:
        optional: true

  mongoose@8.6.1:
    resolution: {integrity: sha512-dppGcYqvsdg+VcnqXR5b467V4a+iNhmvkfYNpEPi6AjaUxnz6ioEDmrMLOi+sOWjvoHapuwPOigV4f2l7HC6ag==}
    engines: {node: '>=16.20.1'}

  mpath@0.9.0:
    resolution: {integrity: sha512-ikJRQTk8hw5DEoFVxHG1Gn9T/xcjtdnOKIU1JTmGjZZlg9LST2mBLmcX3/ICIbgJydT2GOc15RnNy5mHmzfSew==}
    engines: {node: '>=4.0.0'}

  mquery@5.0.0:
    resolution: {integrity: sha512-iQMncpmEK8R8ncT8HJGsGc9Dsp8xcgYMVSbs5jgnm1lFHTZqMJTUWTDx1LBO8+mK3tPNZWFLBghQEIOULSTHZg==}
    engines: {node: '>=14.0.0'}

  ms@2.1.3:
    resolution: {integrity: sha512-6FlzubTLZG3J2a/NVCAleEhjzq5oxgHyaCU9yYXvcLsvoVaHJq/s5xXI6/XXP6tz7R9xAOtHnSO/tXtF3WRTlA==}

  punycode@2.3.1:
    resolution: {integrity: sha512-vYt7UD1U9Wg6138shLtLOvdAu+8DsC/ilFtEVHcH+wydcSpNE20AfSOduf6MkRFahL5FY7X1oU7nKVZFtfq8Fg==}
    engines: {node: '>=6'}

  sift@17.1.3:
    resolution: {integrity: sha512-Rtlj66/b0ICeFzYTuNvX/EF1igRbbnGSvEyT79McoZa/DeGhMyC5pWKOEsZKnpkqtSeovd5FL/bjHWC3CIIvCQ==}

  sparse-bitfield@3.0.3:
    resolution: {integrity: sha512-kvzhi7vqKTfkh0PZU+2D2PIllw2ymqJKujUcyPMd9Y75Nv4nPbGJZXNhxsgdQab2BmlDct1YnfQCguEvHr7VsQ==}

  tr46@4.1.1:
    resolution: {integrity: sha512-2lv/66T7e5yNyhAAC4NaKe5nVavzuGJQVVtRYLyQ2OI8tsJ61PMLlelehb0wi2Hx6+hT/OJUWZcw8MjlSRnxvw==}
    engines: {node: '>=14'}

  webidl-conversions@7.0.0:
    resolution: {integrity: sha512-VwddBukDzu71offAQR975unBIGqfKZpM+8ZX6ySk8nYhVoo5CYaZyzt3YBvYtRtO+aoGlqxPg/B87NGVZ/fu6g==}
    engines: {node: '>=12'}

  whatwg-url@13.0.0:
    resolution: {integrity: sha512-9WWbymnqj57+XEuqADHrCJ2eSXzn8WXIW/YSGaZtb2WKAInQ6CHfaUUcTyyver0p8BDg5StLQq8h1vtZuwmOig==}
    engines: {node: '>=16'}

snapshots:

  '@mongodb-js/saslprep@1.1.9':
    dependencies:
      sparse-bitfield: 3.0.3

  '@types/webidl-conversions@7.0.3': {}

  '@types/whatwg-url@11.0.5':
    dependencies:
      '@types/webidl-conversions': 7.0.3

  bson@6.8.0: {}

  debug@4.3.7:
    dependencies:
      ms: 2.1.3

  dotenv@16.4.5: {}

  kareem@2.6.3: {}

  memory-pager@1.5.0: {}

  mongodb-connection-string-url@3.0.1:
    dependencies:
      '@types/whatwg-url': 11.0.5
      whatwg-url: 13.0.0

  mongodb@6.8.0:
    dependencies:
      '@mongodb-js/saslprep': 1.1.9
      bson: 6.8.0
      mongodb-connection-string-url: 3.0.1

  mongoose@8.6.1:
    dependencies:
      bson: 6.8.0
      kareem: 2.6.3
      mongodb: 6.8.0
      mpath: 0.9.0
      mquery: 5.0.0
      ms: 2.1.3
      sift: 17.1.3
    transitivePeerDependencies:
      - '@aws-sdk/credential-providers'
      - '@mongodb-js/zstd'
      - gcp-metadata
      - kerberos
      - mongodb-client-encryption
      - snappy
      - socks
      - supports-color

  mpath@0.9.0: {}

  mquery@5.0.0:
    dependencies:
      debug: 4.3.7
    transitivePeerDependencies:
      - supports-color

  ms@2.1.3: {}

  punycode@2.3.1: {}

  sift@17.1.3: {}

  sparse-bitfield@3.0.3:
    dependencies:
      memory-pager: 1.5.0

  tr46@4.1.1:
    dependencies:
      punycode: 2.3.1

  webidl-conversions@7.0.0: {}

  whatwg-url@13.0.0:
    dependencies:
      tr46: 4.1.1
      webidl-conversions: 7.0.0
